# This file is automatically @generated by Cargo.
# It is not intended for manual editing.
version = 4

[[package]]
name = "cc"
version = "1.2.29"
source = "registry+https://github.com/rust-lang/crates.io-index"
checksum = "5c1599538de2394445747c8cf7935946e3cc27e9625f889d979bfb2aaf569362"
dependencies = [
 "shlex",
]

[[package]]
name = "leetcode-101"
version = "0.1.0"

[[package]]
name = "leetcode-102"
version = "0.1.0"

[[package]]
name = "leetcode-103"
version = "0.1.0"

[[package]]
name = "leetcode-104"
version = "0.1.0"

[[package]]
name = "leetcode-105"
version = "0.1.0"

[[package]]
name = "leetcode-110"
version = "0.1.0"

[[package]]
name = "leetcode-113"
version = "0.1.0"

[[package]]
name = "leetcode-114"
version = "0.1.0"

[[package]]
name = "leetcode-207"
version = "0.1.0"

[[package]]
name = "leetcode-215"
version = "0.1.0"

[[package]]
name = "leetcode-226"
version = "0.1.0"

[[package]]
name = "leetcode-228"
version = "0.1.0"

[[package]]
name = "leetcode-230"
version = "0.1.0"

[[package]]
name = "leetcode-235"
version = "0.1.0"

[[package]]
name = "leetcode-236"
version = "0.1.0"

[[package]]
name = "leetcode-27"
version = "0.1.0"

[[package]]
name = "leetcode-287"
version = "0.1.0"

[[package]]
name = "leetcode-297"
version = "0.1.0"

[[package]]
name = "leetcode-39"
version = "0.1.0"

[[package]]
name = "leetcode-40"
version = "0.1.0"

[[package]]
name = "leetcode-46"
version = "0.1.0"

[[package]]
name = "leetcode-47"
version = "0.1.0"

[[package]]
name = "leetcode-50"
version = "0.1.0"
dependencies = [
 "cc",
]

[[package]]
name = "leetcode-509"
version = "0.1.0"

[[package]]
name = "leetcode-724"
version = "0.1.0"

[[package]]
name = "leetcode-79"
version = "0.1.0"

[[package]]
name = "shlex"
version = "1.3.0"
source = "registry+https://github.com/rust-lang/crates.io-index"
checksum = "0fda2ff0d084019ba4d7c6f371c95d8fd75ce3524c3cb8fb653a3023f6323e64"
