# This file is automatically @generated by Cargo.
# It is not intended for manual editing.
version = 4

[[package]]
name = "leetcode-102"
version = "0.1.0"

[[package]]
name = "leetcode-103"
version = "0.1.0"

[[package]]
name = "leetcode-104"
version = "0.1.0"

[[package]]
name = "leetcode-113"
version = "0.1.0"

[[package]]
name = "leetcode-114"
version = "0.1.0"

[[package]]
name = "leetcode-207"
version = "0.1.0"

[[package]]
name = "leetcode-215"
version = "0.1.0"

[[package]]
name = "leetcode-226"
version = "0.1.0"

[[package]]
name = "leetcode-228"
version = "0.1.0"

[[package]]
name = "leetcode-230"
version = "0.1.0"

[[package]]
name = "leetcode-235"
version = "0.1.0"

[[package]]
name = "leetcode-236"
version = "0.1.0"

[[package]]
name = "leetcode-27"
version = "0.1.0"

[[package]]
name = "leetcode-287"
version = "0.1.0"

[[package]]
name = "leetcode-39"
version = "0.1.0"

[[package]]
name = "leetcode-40"
version = "0.1.0"

[[package]]
name = "leetcode-46"
version = "0.1.0"

[[package]]
name = "leetcode-47"
version = "0.1.0"

[[package]]
name = "leetcode-724"
version = "0.1.0"

[[package]]
name = "leetcode-79"
version = "0.1.0"
